
Microsoft Visual Studio Solution File, Format Version 12.00
# Visual Studio Version 16
VisualStudioVersion = 16.0.31321.278
MinimumVisualStudioVersion = 10.0.40219.1
Project("{8BC9CEB8-8B4A-11D0-8D11-00A0C91BC942}") = "LavaFrame", "LavaFrame\LavaFrame.vcxproj", "{F5891FC3-3CC8-497F-B8B9-3F25C0E9AA32}"
EndProject
Project("{8BC9CEB8-8B4A-11D0-8D11-00A0C91BC942}") = "LavaTask", "LavaTask\LavaTask.vcxproj", "{1725B158-21E0-400C-8760-D4443E37134A}"
EndProject
Global
	GlobalSection(SolutionConfigurationPlatforms) = preSolution
		Debug|x64 = Debug|x64
		Debug|x86 = Debug|x86
		Release|x64 = Release|x64
		Release|x86 = Release|x86
	EndGlobalSection
	GlobalSection(ProjectConfigurationPlatforms) = postSolution
		{F5891FC3-3CC8-497F-B8B9-3F25C0E9AA32}.Debug|x64.ActiveCfg = Debug|x64
		{F5891FC3-3CC8-497F-B8B9-3F25C0E9AA32}.Debug|x64.Build.0 = Debug|x64
		{F5891FC3-3CC8-497F-B8B9-3F25C0E9AA32}.Debug|x86.ActiveCfg = Debug|Win32
		{F5891FC3-3CC8-497F-B8B9-3F25C0E9AA32}.Debug|x86.Build.0 = Debug|Win32
		{F5891FC3-3CC8-497F-B8B9-3F25C0E9AA32}.Release|x64.ActiveCfg = Release|x64
		{F5891FC3-3CC8-497F-B8B9-3F25C0E9AA32}.Release|x64.Build.0 = Release|x64
		{F5891FC3-3CC8-497F-B8B9-3F25C0E9AA32}.Release|x86.ActiveCfg = Release|Win32
		{F5891FC3-3CC8-497F-B8B9-3F25C0E9AA32}.Release|x86.Build.0 = Release|Win32
		{1725B158-21E0-400C-8760-D4443E37134A}.Debug|x64.ActiveCfg = Debug|x64
		{1725B158-21E0-400C-8760-D4443E37134A}.Debug|x64.Build.0 = Debug|x64
		{1725B158-21E0-400C-8760-D4443E37134A}.Debug|x86.ActiveCfg = Debug|Win32
		{1725B158-21E0-400C-8760-D4443E37134A}.Debug|x86.Build.0 = Debug|Win32
		{1725B158-21E0-400C-8760-D4443E37134A}.Release|x64.ActiveCfg = Release|x64
		{1725B158-21E0-400C-8760-D4443E37134A}.Release|x64.Build.0 = Release|x64
		{1725B158-21E0-400C-8760-D4443E37134A}.Release|x86.ActiveCfg = Release|Win32
		{1725B158-21E0-400C-8760-D4443E37134A}.Release|x86.Build.0 = Release|Win32
	EndGlobalSection
	GlobalSection(SolutionProperties) = preSolution
		HideSolutionNode = FALSE
	EndGlobalSection
	GlobalSection(ExtensibilityGlobals) = postSolution
		SolutionGuid = {A5707ECA-67FE-4B2F-B0BA-9551A53DF123}
	EndGlobalSection
EndGlobal
