<?xml version="1.0" encoding="utf-8"?>
<Project ToolsVersion="4.0" xmlns="http://schemas.microsoft.com/developer/msbuild/2003">
  <ItemGroup>
    <Filter Include="Header Files">
      <UniqueIdentifier>{93995380-89BD-4b04-88EB-625FBE52EBFB}</UniqueIdentifier>
      <Extensions>h;hh;hpp;hxx;h++;hm;inl;inc;ipp;xsd</Extensions>
    </Filter>
    <Filter Include="Resource Files">
      <UniqueIdentifier>{67DA6AB6-F800-4c08-8B7A-83BB121AAD01}</UniqueIdentifier>
      <Extensions>rc;ico;cur;bmp;dlg;rc2;rct;bin;rgs;gif;jpg;jpeg;jpe;resx;tiff;tif;png;wav;mfcribbon-ms</Extensions>
    </Filter>
    <Filter Include="Resource Files\build_include">
      <UniqueIdentifier>{0b8c5b46-b816-4514-bc15-e0c5b3ac1794}</UniqueIdentifier>
    </Filter>
    <Filter Include="Resource Files\build_include\assets">
      <UniqueIdentifier>{7771d1a0-787b-4179-81d0-7061266046d3}</UniqueIdentifier>
    </Filter>
    <Filter Include="Resource Files\build_include\fonts">
      <UniqueIdentifier>{f10dc179-eb0d-460b-be4f-469a76c98e17}</UniqueIdentifier>
    </Filter>
    <Filter Include="Resource Files\build_include\assets\cornell_box">
      <UniqueIdentifier>{275e5aff-9f9e-4f5e-899b-ccef7c1d48c1}</UniqueIdentifier>
    </Filter>
    <Filter Include="Source Files">
      <UniqueIdentifier>{d9a130b1-1ffc-4f8c-ac30-32a212fa3c53}</UniqueIdentifier>
    </Filter>
    <Filter Include="Source Files\core">
      <UniqueIdentifier>{9e135c31-f190-423d-8a42-83cb6fbf3a9d}</UniqueIdentifier>
    </Filter>
    <Filter Include="Source Files\loaders">
      <UniqueIdentifier>{b5eff1ef-3229-4296-aae9-6bd3194de5b6}</UniqueIdentifier>
    </Filter>
    <Filter Include="Source Files\shaders">
      <UniqueIdentifier>{48da00d0-0fd6-45c0-9dab-8292af0b9e74}</UniqueIdentifier>
    </Filter>
    <Filter Include="Source Files\shaders\common">
      <UniqueIdentifier>{bd62b4de-3ad9-4cff-89ee-da63c8253461}</UniqueIdentifier>
    </Filter>
    <Filter Include="Source Files\thirdparty">
      <UniqueIdentifier>{cb515ee4-53cd-47b0-9fb6-57131a40a56b}</UniqueIdentifier>
    </Filter>
    <Filter Include="Source Files\thirdparty\gl3w">
      <UniqueIdentifier>{4fad2627-8b01-4dd9-9ac1-bd54fc464f40}</UniqueIdentifier>
    </Filter>
    <Filter Include="Source Files\thirdparty\gl3w\GL">
      <UniqueIdentifier>{050eac51-e581-4780-abd4-8f6c22cf88f1}</UniqueIdentifier>
    </Filter>
    <Filter Include="Source Files\thirdparty\imgui">
      <UniqueIdentifier>{45a6fbbd-13c4-42e6-a999-28d2a353e8d0}</UniqueIdentifier>
    </Filter>
    <Filter Include="Source Files\thirdparty\imguizmo">
      <UniqueIdentifier>{9a0c8593-3621-4b85-89cb-1c70847ed875}</UniqueIdentifier>
    </Filter>
    <Filter Include="Source Files\thirdparty\oidn">
      <UniqueIdentifier>{bf7bf569-caba-4d8e-9752-335d2c92c7e2}</UniqueIdentifier>
    </Filter>
    <Filter Include="Source Files\thirdparty\oidn\include">
      <UniqueIdentifier>{12e29bc7-01b0-479c-97d9-fd2a4f336e27}</UniqueIdentifier>
    </Filter>
    <Filter Include="Source Files\thirdparty\oidn\include\OpenImageDenoise">
      <UniqueIdentifier>{f561fbde-74a5-4be8-bdd0-401688271701}</UniqueIdentifier>
    </Filter>
    <Filter Include="Source Files\thirdparty\oidn\lib">
      <UniqueIdentifier>{21726adf-b253-4746-910c-590a77f9bfaa}</UniqueIdentifier>
    </Filter>
    <Filter Include="Source Files\thirdparty\RadeonRays">
      <UniqueIdentifier>{ff980203-3e1b-4943-8c81-77080d3fd934}</UniqueIdentifier>
    </Filter>
    <Filter Include="Source Files\thirdparty\stb">
      <UniqueIdentifier>{92657fd2-58b7-440e-9168-cc7ce55b5d23}</UniqueIdentifier>
    </Filter>
    <Filter Include="Source Files\thirdparty\tinydir">
      <UniqueIdentifier>{d8b31690-9f43-4a81-9a8c-624aecc0c8e6}</UniqueIdentifier>
    </Filter>
    <Filter Include="Source Files\thirdparty\sdl2">
      <UniqueIdentifier>{3a0c19d0-f367-4b69-8e41-434992339807}</UniqueIdentifier>
    </Filter>
    <Filter Include="Source Files\thirdparty\sdl2\lib">
      <UniqueIdentifier>{2cd974b2-1f71-43d5-836c-0e651e0b2b0d}</UniqueIdentifier>
    </Filter>
    <Filter Include="Source Files\thirdparty\sdl2\lib\x64">
      <UniqueIdentifier>{eb1794db-e20a-46b6-8c3a-d5a2c975d22d}</UniqueIdentifier>
    </Filter>
    <Filter Include="Source Files\thirdparty\sdl2\lib\x86">
      <UniqueIdentifier>{b76bfda8-5a2a-4d1d-951f-3099724c244e}</UniqueIdentifier>
    </Filter>
    <Filter Include="Header Files\math">
      <UniqueIdentifier>{a20bec6e-d032-45f4-a379-2cda8981a0c2}</UniqueIdentifier>
    </Filter>
    <Filter Include="Resource Files\build_include\output">
      <UniqueIdentifier>{fb4bd270-06be-4e8a-897c-a244e08d2ead}</UniqueIdentifier>
    </Filter>
  </ItemGroup>
  <ItemGroup>
    <None Include="..\build_include\OpenImageDenoise.dll">
      <Filter>Resource Files\build_include</Filter>
    </None>
    <None Include="..\build_include\SDL2.dll">
      <Filter>Resource Files\build_include</Filter>
    </None>
    <None Include="..\build_include\tbb.dll">
      <Filter>Resource Files\build_include</Filter>
    </None>
    <None Include="..\build_include\assets\cornell_box.lfs">
      <Filter>Resource Files\build_include\assets</Filter>
    </None>
    <None Include="..\build_include\assets\cornell_box\cbox_back.obj">
      <Filter>Resource Files\build_include\assets\cornell_box</Filter>
    </None>
    <None Include="..\build_include\assets\cornell_box\cbox_ceiling.obj">
      <Filter>Resource Files\build_include\assets\cornell_box</Filter>
    </None>
    <None Include="..\build_include\assets\cornell_box\cbox_floor.obj">
      <Filter>Resource Files\build_include\assets\cornell_box</Filter>
    </None>
    <None Include="..\build_include\assets\cornell_box\cbox_greenwall.obj">
      <Filter>Resource Files\build_include\assets\cornell_box</Filter>
    </None>
    <None Include="..\build_include\assets\cornell_box\cbox_largebox.obj">
      <Filter>Resource Files\build_include\assets\cornell_box</Filter>
    </None>
    <None Include="..\build_include\assets\cornell_box\cbox_redwall.obj">
      <Filter>Resource Files\build_include\assets\cornell_box</Filter>
    </None>
    <None Include="..\build_include\assets\cornell_box\cbox_smallbox.obj">
      <Filter>Resource Files\build_include\assets\cornell_box</Filter>
    </None>
    <None Include="..\build_include\assets\cornell_box\glass_sphere.obj">
      <Filter>Resource Files\build_include\assets\cornell_box</Filter>
    </None>
    <None Include="..\build_include\license">
      <Filter>Resource Files\build_include</Filter>
    </None>
    <None Include="..\shaders\output.glsl">
      <Filter>Source Files\shaders</Filter>
    </None>
    <None Include="..\shaders\postprocess.glsl">
      <Filter>Source Files\shaders</Filter>
    </None>
    <None Include="..\shaders\preview_flareon.glsl">
      <Filter>Source Files\shaders</Filter>
    </None>
    <None Include="..\shaders\renderer.glsl">
      <Filter>Source Files\shaders</Filter>
    </None>
    <None Include="..\shaders\common\anyhit.glsl">
      <Filter>Source Files\shaders\common</Filter>
    </None>
    <None Include="..\shaders\common\closest_hit.glsl">
      <Filter>Source Files\shaders\common</Filter>
    </None>
    <None Include="..\shaders\common\disney.glsl">
      <Filter>Source Files\shaders\common</Filter>
    </None>
    <None Include="..\shaders\common\globals.glsl">
      <Filter>Source Files\shaders\common</Filter>
    </None>
    <None Include="..\shaders\common\intersection.glsl">
      <Filter>Source Files\shaders\common</Filter>
    </None>
    <None Include="..\shaders\common\pathtrace.glsl">
      <Filter>Source Files\shaders\common</Filter>
    </None>
    <None Include="..\shaders\common\sampling.glsl">
      <Filter>Source Files\shaders\common</Filter>
    </None>
    <None Include="..\shaders\common\uniforms.glsl">
      <Filter>Source Files\shaders\common</Filter>
    </None>
    <None Include="..\shaders\common\vertex.glsl">
      <Filter>Source Files\shaders\common</Filter>
    </None>
    <None Include="thirdparty\oidn\lib\OpenImageDenoise.dll">
      <Filter>Source Files\thirdparty\oidn\lib</Filter>
    </None>
    <None Include="thirdparty\oidn\lib\tbb.dll">
      <Filter>Source Files\thirdparty\oidn\lib</Filter>
    </None>
    <None Include="thirdparty\oidn\lib\tbbmalloc.dll">
      <Filter>Source Files\thirdparty\oidn\lib</Filter>
    </None>
    <None Include="thirdparty\SDL2\lib\x64\SDL2.dll">
      <Filter>Source Files\thirdparty\sdl2\lib\x64</Filter>
    </None>
    <None Include="thirdparty\SDL2\lib\x86\SDL2.dll">
      <Filter>Source Files\thirdparty\sdl2\lib\x86</Filter>
    </None>
  </ItemGroup>
  <ItemGroup>
    <Font Include="..\build_include\fonts\Roboto-Regular.ttf">
      <Filter>Resource Files\build_include\fonts</Filter>
    </Font>
  </ItemGroup>
  <ItemGroup>
    <ClCompile Include="Main.cpp">
      <Filter>Source Files</Filter>
    </ClCompile>
    <ClCompile Include="Camera.cpp">
      <Filter>Source Files\core</Filter>
    </ClCompile>
    <ClCompile Include="Mesh.cpp">
      <Filter>Source Files\core</Filter>
    </ClCompile>
    <ClCompile Include="Program.cpp">
      <Filter>Source Files\core</Filter>
    </ClCompile>
    <ClCompile Include="Quad.cpp">
      <Filter>Source Files\core</Filter>
    </ClCompile>
    <ClCompile Include="Renderer.cpp">
      <Filter>Source Files\core</Filter>
    </ClCompile>
    <ClCompile Include="Scene.cpp">
      <Filter>Source Files\core</Filter>
    </ClCompile>
    <ClCompile Include="Shader.cpp">
      <Filter>Source Files\core</Filter>
    </ClCompile>
    <ClCompile Include="Texture.cpp">
      <Filter>Source Files\core</Filter>
    </ClCompile>
    <ClCompile Include="TiledRenderer.cpp">
      <Filter>Source Files\core</Filter>
    </ClCompile>
    <ClCompile Include="hdrloader.cpp">
      <Filter>Source Files\loaders</Filter>
    </ClCompile>
    <ClCompile Include="Loader.cpp">
      <Filter>Source Files\loaders</Filter>
    </ClCompile>
    <ClCompile Include="thirdparty\gl3w\GL\gl3w.c">
      <Filter>Source Files\thirdparty\gl3w\GL</Filter>
    </ClCompile>
    <ClCompile Include="thirdparty\imgui\imgui.cpp">
      <Filter>Source Files\thirdparty\imgui</Filter>
    </ClCompile>
    <ClCompile Include="thirdparty\imgui\imgui_draw.cpp">
      <Filter>Source Files\thirdparty\imgui</Filter>
    </ClCompile>
    <ClCompile Include="thirdparty\imgui\imgui_impl_opengl3.cpp">
      <Filter>Source Files\thirdparty\imgui</Filter>
    </ClCompile>
    <ClCompile Include="thirdparty\imgui\imgui_impl_sdl.cpp">
      <Filter>Source Files\thirdparty\imgui</Filter>
    </ClCompile>
    <ClCompile Include="thirdparty\imgui\imgui_stdlib.cpp">
      <Filter>Source Files\thirdparty\imgui</Filter>
    </ClCompile>
    <ClCompile Include="thirdparty\imgui\imgui_widgets.cpp">
      <Filter>Source Files\thirdparty\imgui</Filter>
    </ClCompile>
    <ClCompile Include="thirdparty\imguizmo\ImGuizmo.cpp">
      <Filter>Source Files\thirdparty\imguizmo</Filter>
    </ClCompile>
    <ClCompile Include="thirdparty\RadeonRays\bbox.cpp">
      <Filter>Source Files\thirdparty\RadeonRays</Filter>
    </ClCompile>
    <ClCompile Include="thirdparty\RadeonRays\bvh.cpp">
      <Filter>Source Files\thirdparty\RadeonRays</Filter>
    </ClCompile>
    <ClCompile Include="thirdparty\RadeonRays\bvh_translator.cpp">
      <Filter>Source Files\thirdparty\RadeonRays</Filter>
    </ClCompile>
    <ClCompile Include="thirdparty\RadeonRays\split_bvh.cpp">
      <Filter>Source Files\thirdparty\RadeonRays</Filter>
    </ClCompile>
    <ClCompile Include="thirdparty\imgui\imgui_tables.cpp">
      <Filter>Source Files\thirdparty\imgui</Filter>
    </ClCompile>
  </ItemGroup>
  <ItemGroup>
    <ClInclude Include="Mat4.h">
      <Filter>Header Files\math</Filter>
    </ClInclude>
    <ClInclude Include="MathUtils.h">
      <Filter>Header Files\math</Filter>
    </ClInclude>
    <ClInclude Include="Vec2.h">
      <Filter>Header Files\math</Filter>
    </ClInclude>
    <ClInclude Include="Vec3.h">
      <Filter>Header Files\math</Filter>
    </ClInclude>
    <ClInclude Include="Vec4.h">
      <Filter>Header Files\math</Filter>
    </ClInclude>
    <ClInclude Include="thirdparty\gl3w\GL\gl3w.h">
      <Filter>Source Files\thirdparty\gl3w\GL</Filter>
    </ClInclude>
    <ClInclude Include="thirdparty\gl3w\GL\glcorearb.h">
      <Filter>Source Files\thirdparty\gl3w\GL</Filter>
    </ClInclude>
    <ClInclude Include="thirdparty\imgui\imconfig.h">
      <Filter>Source Files\thirdparty\imgui</Filter>
    </ClInclude>
    <ClInclude Include="thirdparty\imgui\imgui.h">
      <Filter>Source Files\thirdparty\imgui</Filter>
    </ClInclude>
    <ClInclude Include="thirdparty\imgui\imgui_impl_opengl3.h">
      <Filter>Source Files\thirdparty\imgui</Filter>
    </ClInclude>
    <ClInclude Include="thirdparty\imgui\imgui_impl_sdl.h">
      <Filter>Source Files\thirdparty\imgui</Filter>
    </ClInclude>
    <ClInclude Include="thirdparty\imgui\imgui_internal.h">
      <Filter>Source Files\thirdparty\imgui</Filter>
    </ClInclude>
    <ClInclude Include="thirdparty\imgui\imgui_stdlib.h">
      <Filter>Source Files\thirdparty\imgui</Filter>
    </ClInclude>
    <ClInclude Include="thirdparty\imgui\imstb_rectpack.h">
      <Filter>Source Files\thirdparty\imgui</Filter>
    </ClInclude>
    <ClInclude Include="thirdparty\imgui\imstb_textedit.h">
      <Filter>Source Files\thirdparty\imgui</Filter>
    </ClInclude>
    <ClInclude Include="thirdparty\imgui\imstb_truetype.h">
      <Filter>Source Files\thirdparty\imgui</Filter>
    </ClInclude>
    <ClInclude Include="thirdparty\imguizmo\ImGuizmo.h">
      <Filter>Source Files\thirdparty\imguizmo</Filter>
    </ClInclude>
    <ClInclude Include="thirdparty\oidn\include\OpenImageDenoise\config.h">
      <Filter>Source Files\thirdparty\oidn\include\OpenImageDenoise</Filter>
    </ClInclude>
    <ClInclude Include="thirdparty\oidn\include\OpenImageDenoise\oidn.h">
      <Filter>Source Files\thirdparty\oidn\include\OpenImageDenoise</Filter>
    </ClInclude>
    <ClInclude Include="thirdparty\oidn\include\OpenImageDenoise\oidn.hpp">
      <Filter>Source Files\thirdparty\oidn\include\OpenImageDenoise</Filter>
    </ClInclude>
    <ClInclude Include="thirdparty\RadeonRays\bbox.h">
      <Filter>Source Files\thirdparty\RadeonRays</Filter>
    </ClInclude>
    <ClInclude Include="thirdparty\RadeonRays\bvh.h">
      <Filter>Source Files\thirdparty\RadeonRays</Filter>
    </ClInclude>
    <ClInclude Include="thirdparty\RadeonRays\bvh_translator.h">
      <Filter>Source Files\thirdparty\RadeonRays</Filter>
    </ClInclude>
    <ClInclude Include="thirdparty\RadeonRays\split_bvh.h">
      <Filter>Source Files\thirdparty\RadeonRays</Filter>
    </ClInclude>
    <ClInclude Include="thirdparty\stb\stb_image.h">
      <Filter>Source Files\thirdparty\stb</Filter>
    </ClInclude>
    <ClInclude Include="thirdparty\stb\stb_image_write.h">
      <Filter>Source Files\thirdparty\stb</Filter>
    </ClInclude>
    <ClInclude Include="thirdparty\tinydir\tinydir.h">
      <Filter>Source Files\thirdparty\tinydir</Filter>
    </ClInclude>
    <ClInclude Include="TiledRenderer.h">
      <Filter>Header Files</Filter>
    </ClInclude>
    <ClInclude Include="Texture.h">
      <Filter>Header Files</Filter>
    </ClInclude>
    <ClInclude Include="ShaderIncludes.h">
      <Filter>Header Files</Filter>
    </ClInclude>
    <ClInclude Include="Shader.h">
      <Filter>Header Files</Filter>
    </ClInclude>
    <ClInclude Include="Scene.h">
      <Filter>Header Files</Filter>
    </ClInclude>
    <ClInclude Include="Renderer.h">
      <Filter>Header Files</Filter>
    </ClInclude>
    <ClInclude Include="Quad.h">
      <Filter>Header Files</Filter>
    </ClInclude>
    <ClInclude Include="Program.h">
      <Filter>Header Files</Filter>
    </ClInclude>
    <ClInclude Include="Mesh.h">
      <Filter>Header Files</Filter>
    </ClInclude>
    <ClInclude Include="Material.h">
      <Filter>Header Files</Filter>
    </ClInclude>
    <ClInclude Include="Config.h">
      <Filter>Header Files</Filter>
    </ClInclude>
    <ClInclude Include="Camera.h">
      <Filter>Header Files</Filter>
    </ClInclude>
    <ClInclude Include="tiny_obj_loader.h">
      <Filter>Header Files</Filter>
    </ClInclude>
    <ClInclude Include="Loader.h">
      <Filter>Header Files</Filter>
    </ClInclude>
    <ClInclude Include="hdrloader.h">
      <Filter>Header Files</Filter>
    </ClInclude>
    <ClInclude Include="Strint.h">
      <Filter>Header Files</Filter>
    </ClInclude>
    <ClInclude Include="GlobalState.h">
      <Filter>Header Files</Filter>
    </ClInclude>
    <ClInclude Include="Export.h">
      <Filter>Header Files</Filter>
    </ClInclude>
    <ClInclude Include="resource.h">
      <Filter>Header Files</Filter>
    </ClInclude>
    <ClInclude Include="Colors.h">
      <Filter>Header Files</Filter>
    </ClInclude>
  </ItemGroup>
  <ItemGroup>
    <Library Include="thirdparty\oidn\lib\OpenImageDenoise.lib">
      <Filter>Source Files\thirdparty\oidn\lib</Filter>
    </Library>
    <Library Include="thirdparty\SDL2\lib\x64\SDL2.lib">
      <Filter>Source Files\thirdparty\sdl2\lib\x64</Filter>
    </Library>
    <Library Include="thirdparty\SDL2\lib\x64\SDL2main.lib">
      <Filter>Source Files\thirdparty\sdl2\lib\x64</Filter>
    </Library>
    <Library Include="thirdparty\SDL2\lib\x64\SDL2test.lib">
      <Filter>Source Files\thirdparty\sdl2\lib\x64</Filter>
    </Library>
    <Library Include="thirdparty\SDL2\lib\x86\SDL2.lib">
      <Filter>Source Files\thirdparty\sdl2\lib\x86</Filter>
    </Library>
    <Library Include="thirdparty\SDL2\lib\x86\SDL2main.lib">
      <Filter>Source Files\thirdparty\sdl2\lib\x86</Filter>
    </Library>
    <Library Include="thirdparty\SDL2\lib\x86\SDL2test.lib">
      <Filter>Source Files\thirdparty\sdl2\lib\x86</Filter>
    </Library>
  </ItemGroup>
  <ItemGroup>
    <ResourceCompile Include="App.rc">
      <Filter>Resource Files</Filter>
    </ResourceCompile>
  </ItemGroup>
  <ItemGroup>
    <Image Include="icon.ico">
      <Filter>Resource Files</Filter>
    </Image>
  </ItemGroup>
  <ItemGroup>
    <Text Include="..\x64\Release\output\readme.txt">
      <Filter>Resource Files\build_include\output</Filter>
    </Text>
  </ItemGroup>
</Project>